// !$*UTF8*$!
{
	archiveVersion = 1;
	classes = {
	};
	objectVersion = 48;
	objects = {

/* Begin PBXBuildFile section */
		7CFAC6F6C87FD101DAD44B39 /* Pods_KLAddressSelectorExample.framework in Frameworks */ = {isa = PBXBuildFile; fileRef = 5DC9D2C562D7BF85EEBF4A7D /* Pods_KLAddressSelectorExample.framework */; };
		9EE8CE4C206B6D80007EF915 /* AppDelegate.swift in Sources */ = {isa = PBXBuildFile; fileRef = 9EE8CE4B206B6D80007EF915 /* AppDelegate.swift */; };
		9EE8CE4E206B6D80007EF915 /* ViewController.swift in Sources */ = {isa = PBXBuildFile; fileRef = 9EE8CE4D206B6D80007EF915 /* ViewController.swift */; };
		9EE8CE51206B6D80007EF915 /* Main.storyboard in Resources */ = {isa = PBXBuildFile; fileRef = 9EE8CE4F206B6D80007EF915 /* Main.storyboard */; };
		9EE8CE53206B6D80007EF915 /* Assets.xcassets in Resources */ = {isa = PBXBuildFile; fileRef = 9EE8CE52206B6D80007EF915 /* Assets.xcassets */; };
		9EE8CE56206B6D80007EF915 /* LaunchScreen.storyboard in Resources */ = {isa = PBXBuildFile; fileRef = 9EE8CE54206B6D80007EF915 /* LaunchScreen.storyboard */; };
		9EE8CE63206B6DA1007EF915 /* ConfigureMacro.swift in Sources */ = {isa = PBXBuildFile; fileRef = 9EE8CE5E206B6DA1007EF915 /* ConfigureMacro.swift */; };
		9EE8CE64206B6DA1007EF915 /* UIColor+KLExtension.swift in Sources */ = {isa = PBXBuildFile; fileRef = 9EE8CE5F206B6DA1007EF915 /* UIColor+KLExtension.swift */; };
		9EE8CE65206B6DA1007EF915 /* KLCityPickerView.swift in Sources */ = {isa = PBXBuildFile; fileRef = 9EE8CE60206B6DA1007EF915 /* KLCityPickerView.swift */; };
		9EE8CE66206B6DA1007EF915 /* UIView+KLExtension.swift in Sources */ = {isa = PBXBuildFile; fileRef = 9EE8CE61206B6DA1007EF915 /* UIView+KLExtension.swift */; };
		9EE8CE67206B6DA1007EF915 /* city.plist in Resources */ = {isa = PBXBuildFile; fileRef = 9EE8CE62206B6DA1007EF915 /* city.plist */; };
/* End PBXBuildFile section */

/* Begin PBXFileReference section */
		4717D18800B64375AAC3CDD8 /* Pods-KLAddressSelectorExample.release.xcconfig */ = {isa = PBXFileReference; includeInIndex = 1; lastKnownFileType = text.xcconfig; name = "Pods-KLAddressSelectorExample.release.xcconfig"; path = "Pods/Target Support Files/Pods-KLAddressSelectorExample/Pods-KLAddressSelectorExample.release.xcconfig"; sourceTree = "<group>"; };
		5DC9D2C562D7BF85EEBF4A7D /* Pods_KLAddressSelectorExample.framework */ = {isa = PBXFileReference; explicitFileType = wrapper.framework; includeInIndex = 0; path = Pods_KLAddressSelectorExample.framework; sourceTree = BUILT_PRODUCTS_DIR; };
		9EE8CE48206B6D80007EF915 /* KLAddressSelectorExample.app */ = {isa = PBXFileReference; explicitFileType = wrapper.application; includeInIndex = 0; path = KLAddressSelectorExample.app; sourceTree = BUILT_PRODUCTS_DIR; };
		9EE8CE4B206B6D80007EF915 /* AppDelegate.swift */ = {isa = PBXFileReference; lastKnownFileType = sourcecode.swift; path = AppDelegate.swift; sourceTree = "<group>"; };
		9EE8CE4D206B6D80007EF915 /* ViewController.swift */ = {isa = PBXFileReference; lastKnownFileType = sourcecode.swift; path = ViewController.swift; sourceTree = "<group>"; };
		9EE8CE50206B6D80007EF915 /* Base */ = {isa = PBXFileReference; lastKnownFileType = file.storyboard; name = Base; path = Base.lproj/Main.storyboard; sourceTree = "<group>"; };
		9EE8CE52206B6D80007EF915 /* Assets.xcassets */ = {isa = PBXFileReference; lastKnownFileType = folder.assetcatalog; path = Assets.xcassets; sourceTree = "<group>"; };
		9EE8CE55206B6D80007EF915 /* Base */ = {isa = PBXFileReference; lastKnownFileType = file.storyboard; name = Base; path = Base.lproj/LaunchScreen.storyboard; sourceTree = "<group>"; };
		9EE8CE57206B6D80007EF915 /* Info.plist */ = {isa = PBXFileReference; lastKnownFileType = text.plist.xml; path = Info.plist; sourceTree = "<group>"; };
		9EE8CE5E206B6DA1007EF915 /* ConfigureMacro.swift */ = {isa = PBXFileReference; fileEncoding = 4; lastKnownFileType = sourcecode.swift; path = ConfigureMacro.swift; sourceTree = "<group>"; };
		9EE8CE5F206B6DA1007EF915 /* UIColor+KLExtension.swift */ = {isa = PBXFileReference; fileEncoding = 4; lastKnownFileType = sourcecode.swift; path = "UIColor+KLExtension.swift"; sourceTree = "<group>"; };
		9EE8CE60206B6DA1007EF915 /* KLCityPickerView.swift */ = {isa = PBXFileReference; fileEncoding = 4; lastKnownFileType = sourcecode.swift; path = KLCityPickerView.swift; sourceTree = "<group>"; };
		9EE8CE61206B6DA1007EF915 /* UIView+KLExtension.swift */ = {isa = PBXFileReference; fileEncoding = 4; lastKnownFileType = sourcecode.swift; path = "UIView+KLExtension.swift"; sourceTree = "<group>"; };
		9EE8CE62206B6DA1007EF915 /* city.plist */ = {isa = PBXFileReference; fileEncoding = 4; lastKnownFileType = text.plist.xml; path = city.plist; sourceTree = "<group>"; };
		9F31DAB155C6A362B647B52F /* Pods-KLAddressSelectorExample.debug.xcconfig */ = {isa = PBXFileReference; includeInIndex = 1; lastKnownFileType = text.xcconfig; name = "Pods-KLAddressSelectorExample.debug.xcconfig"; path = "Pods/Target Support Files/Pods-KLAddressSelectorExample/Pods-KLAddressSelectorExample.debug.xcconfig"; sourceTree = "<group>"; };
/* End PBXFileReference section */

/* Begin PBXFrameworksBuildPhase section */
		9EE8CE45206B6D80007EF915 /* Frameworks */ = {
			isa = PBXFrameworksBuildPhase;
			buildActionMask = 2147483647;
			files = (
				7CFAC6F6C87FD101DAD44B39 /* Pods_KLAddressSelectorExample.framework in Frameworks */,
			);
			runOnlyForDeploymentPostprocessing = 0;
		};
/* End PBXFrameworksBuildPhase section */

/* Begin PBXGroup section */
		81E0B2DF9EC7C4E078D2E8DF /* Pods */ = {
			isa = PBXGroup;
			children = (
				9F31DAB155C6A362B647B52F /* Pods-KLAddressSelectorExample.debug.xcconfig */,
				4717D18800B64375AAC3CDD8 /* Pods-KLAddressSelectorExample.release.xcconfig */,
			);
			name = Pods;
			sourceTree = "<group>";
		};
		9EE8CE3F206B6D80007EF915 = {
			isa = PBXGroup;
			children = (
				9EE8CE4A206B6D80007EF915 /* KLAddressSelectorExample */,
				9EE8CE49206B6D80007EF915 /* Products */,
				81E0B2DF9EC7C4E078D2E8DF /* Pods */,
				D52EBEEDD541E859B16DA51C /* Frameworks */,
			);
			sourceTree = "<group>";
		};
		9EE8CE49206B6D80007EF915 /* Products */ = {
			isa = PBXGroup;
			children = (
				9EE8CE48206B6D80007EF915 /* KLAddressSelectorExample.app */,
			);
			name = Products;
			sourceTree = "<group>";
		};
		9EE8CE4A206B6D80007EF915 /* KLAddressSelectorExample */ = {
			isa = PBXGroup;
			children = (
				9EE8CE5D206B6DA1007EF915 /* AddressView */,
				9EE8CE4B206B6D80007EF915 /* AppDelegate.swift */,
				9EE8CE4D206B6D80007EF915 /* ViewController.swift */,
				9EE8CE4F206B6D80007EF915 /* Main.storyboard */,
				9EE8CE52206B6D80007EF915 /* Assets.xcassets */,
				9EE8CE54206B6D80007EF915 /* LaunchScreen.storyboard */,
				9EE8CE57206B6D80007EF915 /* Info.plist */,
			);
			path = KLAddressSelectorExample;
			sourceTree = "<group>";
		};
		9EE8CE5D206B6DA1007EF915 /* AddressView */ = {
			isa = PBXGroup;
			children = (
				9EE8CE5E206B6DA1007EF915 /* ConfigureMacro.swift */,
				9EE8CE5F206B6DA1007EF915 /* UIColor+KLExtension.swift */,
				9EE8CE60206B6DA1007EF915 /* KLCityPickerView.swift */,
				9EE8CE61206B6DA1007EF915 /* UIView+KLExtension.swift */,
				9EE8CE62206B6DA1007EF915 /* city.plist */,
			);
			path = AddressView;
			sourceTree = "<group>";
		};
		D52EBEEDD541E859B16DA51C /* Frameworks */ = {
			isa = PBXGroup;
			children = (
				5DC9D2C562D7BF85EEBF4A7D /* Pods_KLAddressSelectorExample.framework */,
			);
			name = Frameworks;
			sourceTree = "<group>";
		};
/* End PBXGroup section */

/* Begin PBXNativeTarget section */
		9EE8CE47206B6D80007EF915 /* KLAddressSelectorExample */ = {
			isa = PBXNativeTarget;
			buildConfigurationList = 9EE8CE5A206B6D80007EF915 /* Build configuration list for PBXNativeTarget "KLAddressSelectorExample" */;
			buildPhases = (
				278A03683ECF9572A1D67BE2 /* [CP] Check Pods Manifest.lock */,
				9EE8CE44206B6D80007EF915 /* Sources */,
				9EE8CE45206B6D80007EF915 /* Frameworks */,
				9EE8CE46206B6D80007EF915 /* Resources */,
				728F24035645ED6F34B23E3B /* [CP] Embed Pods Frameworks */,
				A1E69848A06963229A1A7ADB /* [CP] Copy Pods Resources */,
			);
			buildRules = (
			);
			dependencies = (
			);
			name = KLAddressSelectorExample;
			productName = KLAddressSelectorExample;
			productReference = 9EE8CE48206B6D80007EF915 /* KLAddressSelectorExample.app */;
			productType = "com.apple.product-type.application";
		};
/* End PBXNativeTarget section */

/* Begin PBXProject section */
		9EE8CE40206B6D80007EF915 /* Project object */ = {
			isa = PBXProject;
			attributes = {
				LastSwiftUpdateCheck = 0920;
				LastUpgradeCheck = 0920;
				ORGANIZATIONNAME = KL;
				TargetAttributes = {
					9EE8CE47206B6D80007EF915 = {
						CreatedOnToolsVersion = 9.2;
						ProvisioningStyle = Automatic;
					};
				};
			};
			buildConfigurationList = 9EE8CE43206B6D80007EF915 /* Build configuration list for PBXProject "KLAddressSelectorExample" */;
			compatibilityVersion = "Xcode 8.0";
			developmentRegion = en;
			hasScannedForEncodings = 0;
			knownRegions = (
				en,
				Base,
			);
			mainGroup = 9EE8CE3F206B6D80007EF915;
			productRefGroup = 9EE8CE49206B6D80007EF915 /* Products */;
			projectDirPath = "";
			projectRoot = "";
			targets = (
				9EE8CE47206B6D80007EF915 /* KLAddressSelectorExample */,
			);
		};
/* End PBXProject section */

/* Begin PBXResourcesBuildPhase section */
		9EE8CE46206B6D80007EF915 /* Resources */ = {
			isa = PBXResourcesBuildPhase;
			buildActionMask = 2147483647;
			files = (
				9EE8CE56206B6D80007EF915 /* LaunchScreen.storyboard in Resources */,
				9EE8CE67206B6DA1007EF915 /* city.plist in Resources */,
				9EE8CE53206B6D80007EF915 /* Assets.xcassets in Resources */,
				9EE8CE51206B6D80007EF915 /* Main.storyboard in Resources */,
			);
			runOnlyForDeploymentPostprocessing = 0;
		};
/* End PBXResourcesBuildPhase section */

/* Begin PBXShellScriptBuildPhase section */
		278A03683ECF9572A1D67BE2 /* [CP] Check Pods Manifest.lock */ = {
			isa = PBXShellScriptBuildPhase;
			buildActionMask = 2147483647;
			files = (
			);
			inputPaths = (
				"${PODS_PODFILE_DIR_PATH}/Podfile.lock",
				"${PODS_ROOT}/Manifest.lock",
			);
			name = "[CP] Check Pods Manifest.lock";
			outputPaths = (
				"$(DERIVED_FILE_DIR)/Pods-KLAddressSelectorExample-checkManifestLockResult.txt",
			);
			runOnlyForDeploymentPostprocessing = 0;
			shellPath = /bin/sh;
			shellScript = "diff \"${PODS_PODFILE_DIR_PATH}/Podfile.lock\" \"${PODS_ROOT}/Manifest.lock\" > /dev/null\nif [ $? != 0 ] ; then\n    # print error to STDERR\n    echo \"error: The sandbox is not in sync with the Podfile.lock. Run 'pod install' or update your CocoaPods installation.\" >&2\n    exit 1\nfi\n# This output is used by Xcode 'outputs' to avoid re-running this script phase.\necho \"SUCCESS\" > \"${SCRIPT_OUTPUT_FILE_0}\"\n";
			showEnvVarsInLog = 0;
		};
		728F24035645ED6F34B23E3B /* [CP] Embed Pods Frameworks */ = {
			isa = PBXShellScriptBuildPhase;
			buildActionMask = 2147483647;
			files = (
			);
			inputPaths = (
				"${SRCROOT}/Pods/Target Support Files/Pods-KLAddressSelectorExample/Pods-KLAddressSelectorExample-frameworks.sh",
				"${BUILT_PRODUCTS_DIR}/SnapKit/SnapKit.framework",
			);
			name = "[CP] Embed Pods Frameworks";
			outputPaths = (
				"${TARGET_BUILD_DIR}/${FRAMEWORKS_FOLDER_PATH}/SnapKit.framework",
			);
			runOnlyForDeploymentPostprocessing = 0;
			shellPath = /bin/sh;
			shellScript = "\"${SRCROOT}/Pods/Target Support Files/Pods-KLAddressSelectorExample/Pods-KLAddressSelectorExample-frameworks.sh\"\n";
			showEnvVarsInLog = 0;
		};
		A1E69848A06963229A1A7ADB /* [CP] Copy Pods Resources */ = {
			isa = PBXShellScriptBuildPhase;
			buildActionMask = 2147483647;
			files = (
			);
			inputPaths = (
			);
			name = "[CP] Copy Pods Resources";
			outputPaths = (
			);
			runOnlyForDeploymentPostprocessing = 0;
			shellPath = /bin/sh;
			shellScript = "\"${SRCROOT}/Pods/Target Support Files/Pods-KLAddressSelectorExample/Pods-KLAddressSelectorExample-resources.sh\"\n";
			showEnvVarsInLog = 0;
		};
/* End PBXShellScriptBuildPhase section */

/* Begin PBXSourcesBuildPhase section */
		9EE8CE44206B6D80007EF915 /* Sources */ = {
			isa = PBXSourcesBuildPhase;
			buildActionMask = 2147483647;
			files = (
				9EE8CE65206B6DA1007EF915 /* KLCityPickerView.swift in Sources */,
				9EE8CE66206B6DA1007EF915 /* UIView+KLExtension.swift in Sources */,
				9EE8CE64206B6DA1007EF915 /* UIColor+KLExtension.swift in Sources */,
				9EE8CE4E206B6D80007EF915 /* ViewController.swift in Sources */,
				9EE8CE4C206B6D80007EF915 /* AppDelegate.swift in Sources */,
				9EE8CE63206B6DA1007EF915 /* ConfigureMacro.swift in Sources */,
			);
			runOnlyForDeploymentPostprocessing = 0;
		};
/* End PBXSourcesBuildPhase section */

/* Begin PBXVariantGroup section */
		9EE8CE4F206B6D80007EF915 /* Main.storyboard */ = {
			isa = PBXVariantGroup;
			children = (
				9EE8CE50206B6D80007EF915 /* Base */,
			);
			name = Main.storyboard;
			sourceTree = "<group>";
		};
		9EE8CE54206B6D80007EF915 /* LaunchScreen.storyboard */ = {
			isa = PBXVariantGroup;
			children = (
				9EE8CE55206B6D80007EF915 /* Base */,
			);
			name = LaunchScreen.storyboard;
			sourceTree = "<group>";
		};
/* End PBXVariantGroup section */

/* Begin XCBuildConfiguration section */
		9EE8CE58206B6D80007EF915 /* Debug */ = {
			isa = XCBuildConfiguration;
			buildSettings = {
				ALWAYS_SEARCH_USER_PATHS = NO;
				CLANG_ANALYZER_NONNULL = YES;
				CLANG_ANALYZER_NUMBER_OBJECT_CONVERSION = YES_AGGRESSIVE;
				CLANG_CXX_LANGUAGE_STANDARD = "gnu++14";
				CLANG_CXX_LIBRARY = "libc++";
				CLANG_ENABLE_MODULES = YES;
				CLANG_ENABLE_OBJC_ARC = YES;
				CLANG_WARN_BLOCK_CAPTURE_AUTORELEASING = YES;
				CLANG_WARN_BOOL_CONVERSION = YES;
				CLANG_WARN_COMMA = YES;
				CLANG_WARN_CONSTANT_CONVERSION = YES;
				CLANG_WARN_DIRECT_OBJC_ISA_USAGE = YES_ERROR;
				CLANG_WARN_DOCUMENTATION_COMMENTS = YES;
				CLANG_WARN_EMPTY_BODY = YES;
				CLANG_WARN_ENUM_CONVERSION = YES;
				CLANG_WARN_INFINITE_RECURSION = YES;
				CLANG_WARN_INT_CONVERSION = YES;
				CLANG_WARN_NON_LITERAL_NULL_CONVERSION = YES;
				CLANG_WARN_OBJC_LITERAL_CONVERSION = YES;
				CLANG_WARN_OBJC_ROOT_CLASS = YES_ERROR;
				CLANG_WARN_RANGE_LOOP_ANALYSIS = YES;
				CLANG_WARN_STRICT_PROTOTYPES = YES;
				CLANG_WARN_SUSPICIOUS_MOVE = YES;
				CLANG_WARN_UNGUARDED_AVAILABILITY = YES_AGGRESSIVE;
				CLANG_WARN_UNREACHABLE_CODE = YES;
				CLANG_WARN__DUPLICATE_METHOD_MATCH = YES;
				CODE_SIGN_IDENTITY = "iPhone Developer";
				COPY_PHASE_STRIP = NO;
				DEBUG_INFORMATION_FORMAT = dwarf;
				ENABLE_STRICT_OBJC_MSGSEND = YES;
				ENABLE_TESTABILITY = YES;
				GCC_C_LANGUAGE_STANDARD = gnu11;
				GCC_DYNAMIC_NO_PIC = NO;
				GCC_NO_COMMON_BLOCKS = YES;
				GCC_OPTIMIZATION_LEVEL = 0;
				GCC_PREPROCESSOR_DEFINITIONS = (
					"DEBUG=1",
					"$(inherited)",
				);
				GCC_WARN_64_TO_32_BIT_CONVERSION = YES;
				GCC_WARN_ABOUT_RETURN_TYPE = YES_ERROR;
				GCC_WARN_UNDECLARED_SELECTOR = YES;
				GCC_WARN_UNINITIALIZED_AUTOS = YES_AGGRESSIVE;
				GCC_WARN_UNUSED_FUNCTION = YES;
				GCC_WARN_UNUSED_VARIABLE = YES;
				IPHONEOS_DEPLOYMENT_TARGET = 11.2;
				MTL_ENABLE_DEBUG_INFO = YES;
				ONLY_ACTIVE_ARCH = YES;
				SDKROOT = iphoneos;
				SWIFT_ACTIVE_COMPILATION_CONDITIONS = DEBUG;
				SWIFT_OPTIMIZATION_LEVEL = "-Onone";
			};
			name = Debug;
		};
		9EE8CE59206B6D80007EF915 /* Release */ = {
			isa = XCBuildConfiguration;
			buildSettings = {
				ALWAYS_SEARCH_USER_PATHS = NO;
				CLANG_ANALYZER_NONNULL = YES;
				CLANG_ANALYZER_NUMBER_OBJECT_CONVERSION = YES_AGGRESSIVE;
				CLANG_CXX_LANGUAGE_STANDARD = "gnu++14";
				CLANG_CXX_LIBRARY = "libc++";
				CLANG_ENABLE_MODULES = YES;
				CLANG_ENABLE_OBJC_ARC = YES;
				CLANG_WARN_BLOCK_CAPTURE_AUTORELEASING = YES;
				CLANG_WARN_BOOL_CONVERSION = YES;
				CLANG_WARN_COMMA = YES;
				CLANG_WARN_CONSTANT_CONVERSION = YES;
				CLANG_WARN_DIRECT_OBJC_ISA_USAGE = YES_ERROR;
				CLANG_WARN_DOCUMENTATION_COMMENTS = YES;
				CLANG_WARN_EMPTY_BODY = YES;
				CLANG_WARN_ENUM_CONVERSION = YES;
				CLANG_WARN_INFINITE_RECURSION = YES;
				CLANG_WARN_INT_CONVERSION = YES;
				CLANG_WARN_NON_LITERAL_NULL_CONVERSION = YES;
				CLANG_WARN_OBJC_LITERAL_CONVERSION = YES;
				CLANG_WARN_OBJC_ROOT_CLASS = YES_ERROR;
				CLANG_WARN_RANGE_LOOP_ANALYSIS = YES;
				CLANG_WARN_STRICT_PROTOTYPES = YES;
				CLANG_WARN_SUSPICIOUS_MOVE = YES;
				CLANG_WARN_UNGUARDED_AVAILABILITY = YES_AGGRESSIVE;
				CLANG_WARN_UNREACHABLE_CODE = YES;
				CLANG_WARN__DUPLICATE_METHOD_MATCH = YES;
				CODE_SIGN_IDENTITY = "iPhone Developer";
				COPY_PHASE_STRIP = NO;
				DEBUG_INFORMATION_FORMAT = "dwarf-with-dsym";
				ENABLE_NS_ASSERTIONS = NO;
				ENABLE_STRICT_OBJC_MSGSEND = YES;
				GCC_C_LANGUAGE_STANDARD = gnu11;
				GCC_NO_COMMON_BLOCKS = YES;
				GCC_WARN_64_TO_32_BIT_CONVERSION = YES;
				GCC_WARN_ABOUT_RETURN_TYPE = YES_ERROR;
				GCC_WARN_UNDECLARED_SELECTOR = YES;
				GCC_WARN_UNINITIALIZED_AUTOS = YES_AGGRESSIVE;
				GCC_WARN_UNUSED_FUNCTION = YES;
				GCC_WARN_UNUSED_VARIABLE = YES;
				IPHONEOS_DEPLOYMENT_TARGET = 11.2;
				MTL_ENABLE_DEBUG_INFO = NO;
				SDKROOT = iphoneos;
				SWIFT_OPTIMIZATION_LEVEL = "-Owholemodule";
				VALIDATE_PRODUCT = YES;
			};
			name = Release;
		};
		9EE8CE5B206B6D80007EF915 /* Debug */ = {
			isa = XCBuildConfiguration;
			baseConfigurationReference = 9F31DAB155C6A362B647B52F /* Pods-KLAddressSelectorExample.debug.xcconfig */;
			buildSettings = {
				ASSETCATALOG_COMPILER_APPICON_NAME = AppIcon;
				CODE_SIGN_STYLE = Automatic;
				DEVELOPMENT_TEAM = DH7X73ZFRV;
				INFOPLIST_FILE = KLAddressSelectorExample/Info.plist;
				IPHONEOS_DEPLOYMENT_TARGET = 9.0;
				LD_RUNPATH_SEARCH_PATHS = "$(inherited) @executable_path/Frameworks";
				PRODUCT_BUNDLE_IDENTIFIER = AddressSelector.KLAddressSelectorExample;
				PRODUCT_NAME = "$(TARGET_NAME)";
				SWIFT_VERSION = 4.0;
				TARGETED_DEVICE_FAMILY = "1,2";
			};
			name = Debug;
		};
		9EE8CE5C206B6D80007EF915 /* Release */ = {
			isa = XCBuildConfiguration;
			baseConfigurationReference = 4717D18800B64375AAC3CDD8 /* Pods-KLAddressSelectorExample.release.xcconfig */;
			buildSettings = {
				ASSETCATALOG_COMPILER_APPICON_NAME = AppIcon;
				CODE_SIGN_STYLE = Automatic;
				DEVELOPMENT_TEAM = DH7X73ZFRV;
				INFOPLIST_FILE = KLAddressSelectorExample/Info.plist;
				IPHONEOS_DEPLOYMENT_TARGET = 9.0;
				LD_RUNPATH_SEARCH_PATHS = "$(inherited) @executable_path/Frameworks";
				PRODUCT_BUNDLE_IDENTIFIER = AddressSelector.KLAddressSelectorExample;
				PRODUCT_NAME = "$(TARGET_NAME)";
				SWIFT_VERSION = 4.0;
				TARGETED_DEVICE_FAMILY = "1,2";
			};
			name = Release;
		};
/* End XCBuildConfiguration section */

/* Begin XCConfigurationList section */
		9EE8CE43206B6D80007EF915 /* Build configuration list for PBXProject "KLAddressSelectorExample" */ = {
			isa = XCConfigurationList;
			buildConfigurations = (
				9EE8CE58206B6D80007EF915 /* Debug */,
				9EE8CE59206B6D80007EF915 /* Release */,
			);
			defaultConfigurationIsVisible = 0;
			defaultConfigurationName = Release;
		};
		9EE8CE5A206B6D80007EF915 /* Build configuration list for PBXNativeTarget "KLAddressSelectorExample" */ = {
			isa = XCConfigurationList;
			buildConfigurations = (
				9EE8CE5B206B6D80007EF915 /* Debug */,
				9EE8CE5C206B6D80007EF915 /* Release */,
			);
			defaultConfigurationIsVisible = 0;
			defaultConfigurationName = Release;
		};
/* End XCConfigurationList section */
	};
	rootObject = 9EE8CE40206B6D80007EF915 /* Project object */;
}
